
Microsoft Visual Studio Solution File, Format Version 12.00
# Visual Studio Version 17
VisualStudioVersion = 17.11.35327.3
MinimumVisualStudioVersion = 10.0.40219.1
Project("{FAE04EC0-301F-11D3-BF4B-00C04F79EFBC}") = "Encrypt Decrypt Tool", "Encrypt & Decrypt Tool\Encrypt Decrypt Tool.csproj", "{A058D3D1-FCC2-4AD3-97C0-C5B838A8AD4E}"
EndProject
Global
	GlobalSection(SolutionConfigurationPlatforms) = preSolution
		Debug|Any CPU = Debug|Any CPU
		Release|Any CPU = Release|Any CPU
	EndGlobalSection
	GlobalSection(ProjectConfigurationPlatforms) = postSolution
		{A058D3D1-FCC2-4AD3-97C0-C5B838A8AD4E}.Debug|Any CPU.ActiveCfg = Debug|Any CPU
		{A058D3D1-FCC2-4AD3-97C0-C5B838A8AD4E}.Debug|Any CPU.Build.0 = Debug|Any CPU
		{A058D3D1-FCC2-4AD3-97C0-C5B838A8AD4E}.Release|Any CPU.ActiveCfg = Release|Any CPU
		{A058D3D1-FCC2-4AD3-97C0-C5B838A8AD4E}.Release|Any CPU.Build.0 = Release|Any CPU
	EndGlobalSection
	GlobalSection(SolutionProperties) = preSolution
		HideSolutionNode = FALSE
	EndGlobalSection
	GlobalSection(ExtensibilityGlobals) = postSolution
		SolutionGuid = {761A6338-8FEB-4522-ABE2-CCF3DE681E50}
	EndGlobalSection
EndGlobal
